<?xml version="1.0" encoding="utf-8"?>
<Project ToolsVersion="4.0" xmlns="http://schemas.microsoft.com/developer/msbuild/2003">
  <ItemGroup>
    <Filter Include="Resource Files">
      <UniqueIdentifier>{67DA6AB6-F800-4c08-8B7A-83BB121AAD01}</UniqueIdentifier>
      <Extensions>rc;ico;cur;bmp;dlg;rc2;rct;bin;rgs;gif;jpg;jpeg;jpe;resx;tiff;tif;png;wav;mfcribbon-ms</Extensions>
    </Filter>
    <Filter Include="Resource Files\Sounds">
      <UniqueIdentifier>{fabcd723-622d-4247-aae2-a1177c96e674}</UniqueIdentifier>
    </Filter>
    <Filter Include="Resource Files\Fonts">
      <UniqueIdentifier>{0fd212df-420f-4c06-b4ab-957b03e9874b}</UniqueIdentifier>
    </Filter>
    <Filter Include="Resource Files\Images">
      <UniqueIdentifier>{83641dc4-cf16-4fd3-9dfe-451c3c1c3ab1}</UniqueIdentifier>
    </Filter>
    <Filter Include="Resource Files\Images\Player">
      <UniqueIdentifier>{3bfe16c8-4f04-4027-96a3-16b933dc0af8}</UniqueIdentifier>
    </Filter>
    <Filter Include="Resource Files\Images\Player\HUD">
      <UniqueIdentifier>{7348147d-b183-4cec-b414-f3633b98e519}</UniqueIdentifier>
    </Filter>
    <Filter Include="Resource Files\Images\Widget">
      <UniqueIdentifier>{81641c70-0a6b-4fe0-968a-5c8a8d59b44f}</UniqueIdentifier>
    </Filter>
    <Filter Include="Resource Files\Sounds\SFX">
      <UniqueIdentifier>{e376bde1-16e6-4adc-80c3-0dd74e9eb167}</UniqueIdentifier>
    </Filter>
    <Filter Include="Resource Files\Sounds\Music">
      <UniqueIdentifier>{1de59a5b-c319-49f5-9b1c-de019383a2a3}</UniqueIdentifier>
    </Filter>
    <Filter Include="Resource Files\Sounds\SFX\UI">
      <UniqueIdentifier>{03e62982-e978-4131-9a51-0510e135f996}</UniqueIdentifier>
    </Filter>
    <Filter Include="Source Files">
      <UniqueIdentifier>{cce6907c-01e3-4444-b842-498e8500ff42}</UniqueIdentifier>
    </Filter>
    <Filter Include="Source Files\Utils">
      <UniqueIdentifier>{5de7b3d3-e310-4025-94a8-195c300db950}</UniqueIdentifier>
    </Filter>
  </ItemGroup>
  <ItemGroup>
    <ClCompile Include="GameInstance.cpp">
      <Filter>Source Files</Filter>
    </ClCompile>
    <ClCompile Include="Main.cpp">
      <Filter>Source Files</Filter>
    </ClCompile>
    <ClCompile Include="GameMode.cpp">
      <Filter>Source Files</Filter>
    </ClCompile>
    <ClCompile Include="Player.cpp">
      <Filter>Source Files</Filter>
    </ClCompile>
    <ClCompile Include="Image.cpp">
      <Filter>Source Files\Utils</Filter>
    </ClCompile>
    <ClCompile Include="Sprite.cpp">
      <Filter>Source Files\Utils</Filter>
    </ClCompile>
    <ClCompile Include="Asteroid.cpp">
      <Filter>Source Files</Filter>
    </ClCompile>
    <ClCompile Include="Projectile.cpp">
      <Filter>Source Files</Filter>
    </ClCompile>
    <ClCompile Include="Laser.cpp">
      <Filter>Source Files</Filter>
    </ClCompile>
  </ItemGroup>
  <ItemGroup>
    <ClInclude Include="GameInstance.h">
      <Filter>Source Files</Filter>
    </ClInclude>
    <ClInclude Include="Main.h">
      <Filter>Source Files</Filter>
    </ClInclude>
    <ClInclude Include="GameMode.h">
      <Filter>Source Files</Filter>
    </ClInclude>
    <ClInclude Include="Player.h">
      <Filter>Source Files</Filter>
    </ClInclude>
    <ClInclude Include="Image.h">
      <Filter>Source Files\Utils</Filter>
    </ClInclude>
    <ClInclude Include="Sprite.h">
      <Filter>Source Files\Utils</Filter>
    </ClInclude>
    <ClInclude Include="Asteroid.h">
      <Filter>Source Files</Filter>
    </ClInclude>
    <ClInclude Include="Projectile.h">
      <Filter>Source Files</Filter>
    </ClInclude>
    <ClInclude Include="Laser.h">
      <Filter>Source Files</Filter>
    </ClInclude>
  </ItemGroup>
</Project>